
Microsoft Visual Studio Solution File, Format Version 12.00
# Visual Studio 15
VisualStudioVersion = 15.0.27428.2037
MinimumVisualStudioVersion = 10.0.40219.1
Project("{FAE04EC0-301F-11D3-BF4B-00C04F79EFBC}") = "core-vue-template", "core-vue-karma.csproj", "{1972B61F-8F34-4686-8B92-DE8B72493529}"
EndProject
Global
	GlobalSection(SolutionConfigurationPlatforms) = preSolution
		Debug|Any CPU = Debug|Any CPU
		Release|Any CPU = Release|Any CPU
	EndGlobalSection
	GlobalSection(ProjectConfigurationPlatforms) = postSolution
		{1972B61F-8F34-4686-8B92-DE8B72493529}.Debug|Any CPU.ActiveCfg = Debug|Any CPU
		{1972B61F-8F34-4686-8B92-DE8B72493529}.Debug|Any CPU.Build.0 = Debug|Any CPU
		{1972B61F-8F34-4686-8B92-DE8B72493529}.Release|Any CPU.ActiveCfg = Release|Any CPU
		{1972B61F-8F34-4686-8B92-DE8B72493529}.Release|Any CPU.Build.0 = Release|Any CPU
	EndGlobalSection
	GlobalSection(SolutionProperties) = preSolution
		HideSolutionNode = FALSE
	EndGlobalSection
	GlobalSection(ExtensibilityGlobals) = postSolution
		SolutionGuid = {D86BB845-D2B8-4E53-864C-2090BEE334F6}
	EndGlobalSection
EndGlobal
